
Microsoft Visual Studio Solution File, Format Version 12.00
# Visual Studio 14
VisualStudioVersion = 14.0.25420.1
MinimumVisualStudioVersion = 10.0.40219.1
Project("{2150E333-8FDC-42A3-9474-1A3956D46DE8}") = "1. Lib", "1. Lib", "{691B6B4D-57BA-4F9E-8579-05BD95C995E8}"
EndProject
Project("{2150E333-8FDC-42A3-9474-1A3956D46DE8}") = "2. Model", "2. Model", "{22D78190-4FF0-4D02-9D42-0458E04C9B17}"
EndProject
Project("{2150E333-8FDC-42A3-9474-1A3956D46DE8}") = "3. App", "3. App", "{330C0BE7-551D-4D8A-AD43-443AD4FFAAA7}"
EndProject
Project("{2150E333-8FDC-42A3-9474-1A3956D46DE8}") = "4. Infrastructure", "4. Infrastructure", "{11476F1A-A787-422D-BB0F-35A48E40E78C}"
EndProject
Project("{2150E333-8FDC-42A3-9474-1A3956D46DE8}") = "5. Tools", "5. Tools", "{74BFCCE5-1A25-4F3D-8EAC-BB34D05936D3}"
EndProject
Project("{2150E333-8FDC-42A3-9474-1A3956D46DE8}") = "6. Tests", "6. Tests", "{34160EF7-CD2F-4756-8958-481B81AD2754}"
EndProject
Project("{FAE04EC0-301F-11D3-BF4B-00C04F79EFBC}") = "Roham.Web", "src\Roham.Web\Roham.Web.csproj", "{A365F66D-62F7-406A-ADE2-54D49845E8F6}"
EndProject
Project("{FAE04EC0-301F-11D3-BF4B-00C04F79EFBC}") = "Roham.Lib", "src\Roham.Lib\Roham.Lib.csproj", "{B4E27AE0-EC45-4E7C-A739-FDE6EE01491D}"
EndProject
Project("{FAE04EC0-301F-11D3-BF4B-00C04F79EFBC}") = "Roham.Data", "src\Roham.Data\Roham.Data.csproj", "{DAAC4489-AF90-4AA8-961D-AC76BAA9092F}"
EndProject
Project("{FAE04EC0-301F-11D3-BF4B-00C04F79EFBC}") = "Roham.Lib.Domain", "src\Roham.Lib.Domain\Roham.Lib.Domain.csproj", "{34D0C094-418B-47D9-B329-DDF82B1F4274}"
EndProject
Project("{FAE04EC0-301F-11D3-BF4B-00C04F79EFBC}") = "Roham.Domain.Entities", "src\Roham.Domain.Entities\Roham.Domain.Entities.csproj", "{0B4EE4C2-AB3B-4E14-8D58-9C82B39F351D}"
EndProject
Project("{FAE04EC0-301F-11D3-BF4B-00C04F79EFBC}") = "Roham.Contracts", "src\Roham.Contracts\Roham.Contracts.csproj", "{CB3630BF-53AF-4D5A-9150-1988DAC6D71B}"
EndProject
Project("{FAE04EC0-301F-11D3-BF4B-00C04F79EFBC}") = "Roham.DbScripts", "src\Roham.DbScripts\Roham.DbScripts.csproj", "{782E3577-F9BD-4691-B784-719D111E8356}"
EndProject
Project("{FAE04EC0-301F-11D3-BF4B-00C04F79EFBC}") = "Roham.Caching", "src\Roham.Caching\Roham.Caching.csproj", "{43423445-B60C-491B-A923-5EB909C323DF}"
EndProject
Project("{FAE04EC0-301F-11D3-BF4B-00C04F79EFBC}") = "Roham.Ioc.Autofac", "src\Roham.Ioc.Autofac\Roham.Ioc.Autofac.csproj", "{A06FCA24-24A7-46B1-98E8-7A2039E41796}"
EndProject
Project("{FAE04EC0-301F-11D3-BF4B-00C04F79EFBC}") = "Roham.Persistence.NHibernate", "src\Roham.Persistence.NHibernate\Roham.Persistence.NHibernate.csproj", "{4B5E691B-0E3E-4C0E-B187-72A510AA9A63}"
EndProject
Project("{FAE04EC0-301F-11D3-BF4B-00C04F79EFBC}") = "Roham.DbTool", "src\Roham.DbTool\Roham.DbTool.csproj", "{7EA355CB-C96C-4FE1-B40D-62E5DCAAF1E4}"
EndProject
Project("{FAE04EC0-301F-11D3-BF4B-00C04F79EFBC}") = "Roham.UnitTests", "test\Roham.UnitTests\Roham.UnitTests.csproj", "{4884D9BF-C799-42F2-9487-1D7735179CC0}"
EndProject
Project("{FAE04EC0-301F-11D3-BF4B-00C04F79EFBC}") = "Roham.IntegrationTests", "test\Roham.IntegrationTests\Roham.IntegrationTests.csproj", "{E0A208AC-A3FE-4652-8451-59D9F676A656}"
EndProject
Project("{FAE04EC0-301F-11D3-BF4B-00C04F79EFBC}") = "Roham.AcceptanceTests", "test\Roham.AcceptanceTests\Roham.AcceptanceTests.csproj", "{B0BD4863-C31C-430B-BCE3-78F9FF3F1951}"
EndProject
Project("{FAE04EC0-301F-11D3-BF4B-00C04F79EFBC}") = "Roham.SmokeTests", "test\Roham.SmokeTests\Roham.SmokeTests.csproj", "{AC6C15FC-27A1-499D-BC9D-AF83DD48E14F}"
EndProject
Project("{FAE04EC0-301F-11D3-BF4B-00C04F79EFBC}") = "Roham.Domain", "src\Roham.Domain\Roham.Domain.csproj", "{DA6D72E8-2CB0-4AF0-A4EF-9E2DB609C8EE}"
EndProject
Project("{FAE04EC0-301F-11D3-BF4B-00C04F79EFBC}") = "Roham.Resources", "src\Roham.Resources\Roham.Resources.csproj", "{F0083578-A768-4DBA-99D4-0158C2AC6E94}"
EndProject
Global
	GlobalSection(SolutionConfigurationPlatforms) = preSolution
		Debug|Any CPU = Debug|Any CPU
		Release|Any CPU = Release|Any CPU
	EndGlobalSection
	GlobalSection(ProjectConfigurationPlatforms) = postSolution
		{A365F66D-62F7-406A-ADE2-54D49845E8F6}.Debug|Any CPU.ActiveCfg = Debug|Any CPU
		{A365F66D-62F7-406A-ADE2-54D49845E8F6}.Debug|Any CPU.Build.0 = Debug|Any CPU
		{A365F66D-62F7-406A-ADE2-54D49845E8F6}.Release|Any CPU.ActiveCfg = Release|Any CPU
		{A365F66D-62F7-406A-ADE2-54D49845E8F6}.Release|Any CPU.Build.0 = Release|Any CPU
		{B4E27AE0-EC45-4E7C-A739-FDE6EE01491D}.Debug|Any CPU.ActiveCfg = Debug|Any CPU
		{B4E27AE0-EC45-4E7C-A739-FDE6EE01491D}.Debug|Any CPU.Build.0 = Debug|Any CPU
		{B4E27AE0-EC45-4E7C-A739-FDE6EE01491D}.Release|Any CPU.ActiveCfg = Release|Any CPU
		{B4E27AE0-EC45-4E7C-A739-FDE6EE01491D}.Release|Any CPU.Build.0 = Release|Any CPU
		{DAAC4489-AF90-4AA8-961D-AC76BAA9092F}.Debug|Any CPU.ActiveCfg = Debug|Any CPU
		{DAAC4489-AF90-4AA8-961D-AC76BAA9092F}.Debug|Any CPU.Build.0 = Debug|Any CPU
		{DAAC4489-AF90-4AA8-961D-AC76BAA9092F}.Release|Any CPU.ActiveCfg = Release|Any CPU
		{DAAC4489-AF90-4AA8-961D-AC76BAA9092F}.Release|Any CPU.Build.0 = Release|Any CPU
		{34D0C094-418B-47D9-B329-DDF82B1F4274}.Debug|Any CPU.ActiveCfg = Debug|Any CPU
		{34D0C094-418B-47D9-B329-DDF82B1F4274}.Debug|Any CPU.Build.0 = Debug|Any CPU
		{34D0C094-418B-47D9-B329-DDF82B1F4274}.Release|Any CPU.ActiveCfg = Release|Any CPU
		{34D0C094-418B-47D9-B329-DDF82B1F4274}.Release|Any CPU.Build.0 = Release|Any CPU
		{0B4EE4C2-AB3B-4E14-8D58-9C82B39F351D}.Debug|Any CPU.ActiveCfg = Debug|Any CPU
		{0B4EE4C2-AB3B-4E14-8D58-9C82B39F351D}.Debug|Any CPU.Build.0 = Debug|Any CPU
		{0B4EE4C2-AB3B-4E14-8D58-9C82B39F351D}.Release|Any CPU.ActiveCfg = Release|Any CPU
		{0B4EE4C2-AB3B-4E14-8D58-9C82B39F351D}.Release|Any CPU.Build.0 = Release|Any CPU
		{CB3630BF-53AF-4D5A-9150-1988DAC6D71B}.Debug|Any CPU.ActiveCfg = Debug|Any CPU
		{CB3630BF-53AF-4D5A-9150-1988DAC6D71B}.Debug|Any CPU.Build.0 = Debug|Any CPU
		{CB3630BF-53AF-4D5A-9150-1988DAC6D71B}.Release|Any CPU.ActiveCfg = Release|Any CPU
		{CB3630BF-53AF-4D5A-9150-1988DAC6D71B}.Release|Any CPU.Build.0 = Release|Any CPU
		{782E3577-F9BD-4691-B784-719D111E8356}.Debug|Any CPU.ActiveCfg = Debug|Any CPU
		{782E3577-F9BD-4691-B784-719D111E8356}.Debug|Any CPU.Build.0 = Debug|Any CPU
		{782E3577-F9BD-4691-B784-719D111E8356}.Release|Any CPU.ActiveCfg = Release|Any CPU
		{782E3577-F9BD-4691-B784-719D111E8356}.Release|Any CPU.Build.0 = Release|Any CPU
		{43423445-B60C-491B-A923-5EB909C323DF}.Debug|Any CPU.ActiveCfg = Debug|Any CPU
		{43423445-B60C-491B-A923-5EB909C323DF}.Debug|Any CPU.Build.0 = Debug|Any CPU
		{43423445-B60C-491B-A923-5EB909C323DF}.Release|Any CPU.ActiveCfg = Release|Any CPU
		{43423445-B60C-491B-A923-5EB909C323DF}.Release|Any CPU.Build.0 = Release|Any CPU
		{A06FCA24-24A7-46B1-98E8-7A2039E41796}.Debug|Any CPU.ActiveCfg = Debug|Any CPU
		{A06FCA24-24A7-46B1-98E8-7A2039E41796}.Debug|Any CPU.Build.0 = Debug|Any CPU
		{A06FCA24-24A7-46B1-98E8-7A2039E41796}.Release|Any CPU.ActiveCfg = Release|Any CPU
		{A06FCA24-24A7-46B1-98E8-7A2039E41796}.Release|Any CPU.Build.0 = Release|Any CPU
		{4B5E691B-0E3E-4C0E-B187-72A510AA9A63}.Debug|Any CPU.ActiveCfg = Debug|Any CPU
		{4B5E691B-0E3E-4C0E-B187-72A510AA9A63}.Debug|Any CPU.Build.0 = Debug|Any CPU
		{4B5E691B-0E3E-4C0E-B187-72A510AA9A63}.Release|Any CPU.ActiveCfg = Release|Any CPU
		{4B5E691B-0E3E-4C0E-B187-72A510AA9A63}.Release|Any CPU.Build.0 = Release|Any CPU
		{7EA355CB-C96C-4FE1-B40D-62E5DCAAF1E4}.Debug|Any CPU.ActiveCfg = Debug|Any CPU
		{7EA355CB-C96C-4FE1-B40D-62E5DCAAF1E4}.Debug|Any CPU.Build.0 = Debug|Any CPU
		{7EA355CB-C96C-4FE1-B40D-62E5DCAAF1E4}.Release|Any CPU.ActiveCfg = Release|Any CPU
		{7EA355CB-C96C-4FE1-B40D-62E5DCAAF1E4}.Release|Any CPU.Build.0 = Release|Any CPU
		{4884D9BF-C799-42F2-9487-1D7735179CC0}.Debug|Any CPU.ActiveCfg = Debug|Any CPU
		{4884D9BF-C799-42F2-9487-1D7735179CC0}.Debug|Any CPU.Build.0 = Debug|Any CPU
		{4884D9BF-C799-42F2-9487-1D7735179CC0}.Release|Any CPU.ActiveCfg = Release|Any CPU
		{4884D9BF-C799-42F2-9487-1D7735179CC0}.Release|Any CPU.Build.0 = Release|Any CPU
		{E0A208AC-A3FE-4652-8451-59D9F676A656}.Debug|Any CPU.ActiveCfg = Debug|Any CPU
		{E0A208AC-A3FE-4652-8451-59D9F676A656}.Debug|Any CPU.Build.0 = Debug|Any CPU
		{E0A208AC-A3FE-4652-8451-59D9F676A656}.Release|Any CPU.ActiveCfg = Release|Any CPU
		{E0A208AC-A3FE-4652-8451-59D9F676A656}.Release|Any CPU.Build.0 = Release|Any CPU
		{B0BD4863-C31C-430B-BCE3-78F9FF3F1951}.Debug|Any CPU.ActiveCfg = Debug|Any CPU
		{B0BD4863-C31C-430B-BCE3-78F9FF3F1951}.Debug|Any CPU.Build.0 = Debug|Any CPU
		{B0BD4863-C31C-430B-BCE3-78F9FF3F1951}.Release|Any CPU.ActiveCfg = Release|Any CPU
		{B0BD4863-C31C-430B-BCE3-78F9FF3F1951}.Release|Any CPU.Build.0 = Release|Any CPU
		{AC6C15FC-27A1-499D-BC9D-AF83DD48E14F}.Debug|Any CPU.ActiveCfg = Debug|Any CPU
		{AC6C15FC-27A1-499D-BC9D-AF83DD48E14F}.Debug|Any CPU.Build.0 = Debug|Any CPU
		{AC6C15FC-27A1-499D-BC9D-AF83DD48E14F}.Release|Any CPU.ActiveCfg = Release|Any CPU
		{AC6C15FC-27A1-499D-BC9D-AF83DD48E14F}.Release|Any CPU.Build.0 = Release|Any CPU
		{DA6D72E8-2CB0-4AF0-A4EF-9E2DB609C8EE}.Debug|Any CPU.ActiveCfg = Debug|Any CPU
		{DA6D72E8-2CB0-4AF0-A4EF-9E2DB609C8EE}.Debug|Any CPU.Build.0 = Debug|Any CPU
		{DA6D72E8-2CB0-4AF0-A4EF-9E2DB609C8EE}.Release|Any CPU.ActiveCfg = Release|Any CPU
		{DA6D72E8-2CB0-4AF0-A4EF-9E2DB609C8EE}.Release|Any CPU.Build.0 = Release|Any CPU
		{F0083578-A768-4DBA-99D4-0158C2AC6E94}.Debug|Any CPU.ActiveCfg = Debug|Any CPU
		{F0083578-A768-4DBA-99D4-0158C2AC6E94}.Debug|Any CPU.Build.0 = Debug|Any CPU
		{F0083578-A768-4DBA-99D4-0158C2AC6E94}.Release|Any CPU.ActiveCfg = Release|Any CPU
		{F0083578-A768-4DBA-99D4-0158C2AC6E94}.Release|Any CPU.Build.0 = Release|Any CPU
	EndGlobalSection
	GlobalSection(SolutionProperties) = preSolution
		HideSolutionNode = FALSE
	EndGlobalSection
	GlobalSection(NestedProjects) = preSolution
		{A365F66D-62F7-406A-ADE2-54D49845E8F6} = {330C0BE7-551D-4D8A-AD43-443AD4FFAAA7}
		{B4E27AE0-EC45-4E7C-A739-FDE6EE01491D} = {691B6B4D-57BA-4F9E-8579-05BD95C995E8}
		{DAAC4489-AF90-4AA8-961D-AC76BAA9092F} = {691B6B4D-57BA-4F9E-8579-05BD95C995E8}
		{34D0C094-418B-47D9-B329-DDF82B1F4274} = {691B6B4D-57BA-4F9E-8579-05BD95C995E8}
		{0B4EE4C2-AB3B-4E14-8D58-9C82B39F351D} = {22D78190-4FF0-4D02-9D42-0458E04C9B17}
		{CB3630BF-53AF-4D5A-9150-1988DAC6D71B} = {22D78190-4FF0-4D02-9D42-0458E04C9B17}
		{782E3577-F9BD-4691-B784-719D111E8356} = {22D78190-4FF0-4D02-9D42-0458E04C9B17}
		{43423445-B60C-491B-A923-5EB909C323DF} = {11476F1A-A787-422D-BB0F-35A48E40E78C}
		{A06FCA24-24A7-46B1-98E8-7A2039E41796} = {11476F1A-A787-422D-BB0F-35A48E40E78C}
		{4B5E691B-0E3E-4C0E-B187-72A510AA9A63} = {11476F1A-A787-422D-BB0F-35A48E40E78C}
		{7EA355CB-C96C-4FE1-B40D-62E5DCAAF1E4} = {74BFCCE5-1A25-4F3D-8EAC-BB34D05936D3}
		{4884D9BF-C799-42F2-9487-1D7735179CC0} = {34160EF7-CD2F-4756-8958-481B81AD2754}
		{E0A208AC-A3FE-4652-8451-59D9F676A656} = {34160EF7-CD2F-4756-8958-481B81AD2754}
		{B0BD4863-C31C-430B-BCE3-78F9FF3F1951} = {34160EF7-CD2F-4756-8958-481B81AD2754}
		{AC6C15FC-27A1-499D-BC9D-AF83DD48E14F} = {34160EF7-CD2F-4756-8958-481B81AD2754}
		{DA6D72E8-2CB0-4AF0-A4EF-9E2DB609C8EE} = {22D78190-4FF0-4D02-9D42-0458E04C9B17}
		{F0083578-A768-4DBA-99D4-0158C2AC6E94} = {22D78190-4FF0-4D02-9D42-0458E04C9B17}
	EndGlobalSection
EndGlobal
